
Microsoft Visual Studio Solution File, Format Version 12.00
# Visual Studio Version 17
VisualStudioVersion = 17.1.32421.90
MinimumVisualStudioVersion = 10.0.40219.1
Project("{FAE04EC0-301F-11D3-BF4B-00C04F79EFBC}") = "dataConversion", "dataConversion\dataConversion.csproj", "{408889AA-8D00-41A0-9613-F70E0BB44D9F}"
EndProject
Global
	GlobalSection(SolutionConfigurationPlatforms) = preSolution
		Debug|Any CPU = Debug|Any CPU
		Release|Any CPU = Release|Any CPU
	EndGlobalSection
	GlobalSection(ProjectConfigurationPlatforms) = postSolution
		{408889AA-8D00-41A0-9613-F70E0BB44D9F}.Debug|Any CPU.ActiveCfg = Debug|Any CPU
		{408889AA-8D00-41A0-9613-F70E0BB44D9F}.Debug|Any CPU.Build.0 = Debug|Any CPU
		{408889AA-8D00-41A0-9613-F70E0BB44D9F}.Release|Any CPU.ActiveCfg = Release|Any CPU
		{408889AA-8D00-41A0-9613-F70E0BB44D9F}.Release|Any CPU.Build.0 = Release|Any CPU
	EndGlobalSection
	GlobalSection(SolutionProperties) = preSolution
		HideSolutionNode = FALSE
	EndGlobalSection
	GlobalSection(ExtensibilityGlobals) = postSolution
		SolutionGuid = {88C79EC4-4FC8-483F-AFE0-DB47A4075A65}
	EndGlobalSection
EndGlobal
